// !$*UTF8*$!
{
	archiveVersion = 1;
	classes = {
	};
	objectVersion = 51;
	objects = {

/* Begin PBXBuildFile section */
		4563452AA1EDA3BA9BD622E4 /* Pods_test.framework in Frameworks */ = {isa = PBXBuildFile; fileRef = F241276A00E664F4E4763333 /* Pods_test.framework */; };
		C8A8E8BA243D592600FDF4ED /* DetailsViewController.swift in Sources */ = {isa = PBXBuildFile; fileRef = C8A8E8B9243D592600FDF4ED /* DetailsViewController.swift */; };
		C8A8E8BC243D59AF00FDF4ED /* TableViewCell.swift in Sources */ = {isa = PBXBuildFile; fileRef = C8A8E8BB243D59AF00FDF4ED /* TableViewCell.swift */; };
		C8A8E8BE243D5B4F00FDF4ED /* Movie.swift in Sources */ = {isa = PBXBuildFile; fileRef = C8A8E8BD243D5B4F00FDF4ED /* Movie.swift */; };
		C8E71CB3242C8D470082D491 /* AppDelegate.swift in Sources */ = {isa = PBXBuildFile; fileRef = C8E71CB2242C8D470082D491 /* AppDelegate.swift */; };
		C8E71CB5242C8D470082D491 /* SceneDelegate.swift in Sources */ = {isa = PBXBuildFile; fileRef = C8E71CB4242C8D470082D491 /* SceneDelegate.swift */; };
		C8E71CB7242C8D470082D491 /* ViewController.swift in Sources */ = {isa = PBXBuildFile; fileRef = C8E71CB6242C8D470082D491 /* ViewController.swift */; };
		C8E71CBA242C8D470082D491 /* Main.storyboard in Resources */ = {isa = PBXBuildFile; fileRef = C8E71CB8242C8D470082D491 /* Main.storyboard */; };
		C8E71CBC242C8D4A0082D491 /* Assets.xcassets in Resources */ = {isa = PBXBuildFile; fileRef = C8E71CBB242C8D4A0082D491 /* Assets.xcassets */; };
		C8E71CBF242C8D4A0082D491 /* LaunchScreen.storyboard in Resources */ = {isa = PBXBuildFile; fileRef = C8E71CBD242C8D4A0082D491 /* LaunchScreen.storyboard */; };
/* End PBXBuildFile section */

/* Begin PBXFileReference section */
		566F212043F470FA31251B68 /* Pods-test.release.xcconfig */ = {isa = PBXFileReference; includeInIndex = 1; lastKnownFileType = text.xcconfig; name = "Pods-test.release.xcconfig"; path = "Target Support Files/Pods-test/Pods-test.release.xcconfig"; sourceTree = "<group>"; };
		6DF860EDE1A53562AFBEF6F4 /* Pods-test.debug.xcconfig */ = {isa = PBXFileReference; includeInIndex = 1; lastKnownFileType = text.xcconfig; name = "Pods-test.debug.xcconfig"; path = "Target Support Files/Pods-test/Pods-test.debug.xcconfig"; sourceTree = "<group>"; };
		C8A8E8B9243D592600FDF4ED /* DetailsViewController.swift */ = {isa = PBXFileReference; lastKnownFileType = sourcecode.swift; path = DetailsViewController.swift; sourceTree = "<group>"; };
		C8A8E8BB243D59AF00FDF4ED /* TableViewCell.swift */ = {isa = PBXFileReference; lastKnownFileType = sourcecode.swift; path = TableViewCell.swift; sourceTree = "<group>"; };
		C8A8E8BD243D5B4F00FDF4ED /* Movie.swift */ = {isa = PBXFileReference; lastKnownFileType = sourcecode.swift; path = Movie.swift; sourceTree = "<group>"; };
		C8E71CAF242C8D470082D491 /* test.app */ = {isa = PBXFileReference; explicitFileType = wrapper.application; includeInIndex = 0; path = test.app; sourceTree = BUILT_PRODUCTS_DIR; };
		C8E71CB2242C8D470082D491 /* AppDelegate.swift */ = {isa = PBXFileReference; lastKnownFileType = sourcecode.swift; path = AppDelegate.swift; sourceTree = "<group>"; };
		C8E71CB4242C8D470082D491 /* SceneDelegate.swift */ = {isa = PBXFileReference; lastKnownFileType = sourcecode.swift; path = SceneDelegate.swift; sourceTree = "<group>"; };
		C8E71CB6242C8D470082D491 /* ViewController.swift */ = {isa = PBXFileReference; lastKnownFileType = sourcecode.swift; path = ViewController.swift; sourceTree = "<group>"; };
		C8E71CB9242C8D470082D491 /* Base */ = {isa = PBXFileReference; lastKnownFileType = file.storyboard; name = Base; path = Base.lproj/Main.storyboard; sourceTree = "<group>"; };
		C8E71CBB242C8D4A0082D491 /* Assets.xcassets */ = {isa = PBXFileReference; lastKnownFileType = folder.assetcatalog; path = Assets.xcassets; sourceTree = "<group>"; };
		C8E71CBE242C8D4A0082D491 /* Base */ = {isa = PBXFileReference; lastKnownFileType = file.storyboard; name = Base; path = Base.lproj/LaunchScreen.storyboard; sourceTree = "<group>"; };
		C8E71CC0242C8D4A0082D491 /* Info.plist */ = {isa = PBXFileReference; lastKnownFileType = text.plist.xml; path = Info.plist; sourceTree = "<group>"; };
		F241276A00E664F4E4763333 /* Pods_test.framework */ = {isa = PBXFileReference; explicitFileType = wrapper.framework; includeInIndex = 0; path = Pods_test.framework; sourceTree = BUILT_PRODUCTS_DIR; };
/* End PBXFileReference section */

/* Begin PBXFrameworksBuildPhase section */
		C8E71CAC242C8D470082D491 /* Frameworks */ = {
			isa = PBXFrameworksBuildPhase;
			buildActionMask = 2147483647;
			files = (
				4563452AA1EDA3BA9BD622E4 /* Pods_test.framework in Frameworks */,
			);
			runOnlyForDeploymentPostprocessing = 0;
		};
/* End PBXFrameworksBuildPhase section */

/* Begin PBXGroup section */
		7D30BBBD15B1342E3739D7FF /* Pods */ = {
			isa = PBXGroup;
			children = (
				6DF860EDE1A53562AFBEF6F4 /* Pods-test.debug.xcconfig */,
				566F212043F470FA31251B68 /* Pods-test.release.xcconfig */,
			);
			path = Pods;
			sourceTree = "<group>";
		};
		9ED15EF9629BAE1532F81BDE /* Frameworks */ = {
			isa = PBXGroup;
			children = (
				F241276A00E664F4E4763333 /* Pods_test.framework */,
			);
			name = Frameworks;
			sourceTree = "<group>";
		};
		C8E71CA6242C8D470082D491 = {
			isa = PBXGroup;
			children = (
				C8E71CB1242C8D470082D491 /* test */,
				C8E71CB0242C8D470082D491 /* Products */,
				7D30BBBD15B1342E3739D7FF /* Pods */,
				9ED15EF9629BAE1532F81BDE /* Frameworks */,
			);
			sourceTree = "<group>";
		};
		C8E71CB0242C8D470082D491 /* Products */ = {
			isa = PBXGroup;
			children = (
				C8E71CAF242C8D470082D491 /* test.app */,
			);
			name = Products;
			sourceTree = "<group>";
		};
		C8E71CB1242C8D470082D491 /* test */ = {
			isa = PBXGroup;
			children = (
				C8E71CB2242C8D470082D491 /* AppDelegate.swift */,
				C8E71CB4242C8D470082D491 /* SceneDelegate.swift */,
				C8E71CB6242C8D470082D491 /* ViewController.swift */,
				C8A8E8B9243D592600FDF4ED /* DetailsViewController.swift */,
				C8A8E8BB243D59AF00FDF4ED /* TableViewCell.swift */,
				C8A8E8BD243D5B4F00FDF4ED /* Movie.swift */,
				C8E71CB8242C8D470082D491 /* Main.storyboard */,
				C8E71CBB242C8D4A0082D491 /* Assets.xcassets */,
				C8E71CBD242C8D4A0082D491 /* LaunchScreen.storyboard */,
				C8E71CC0242C8D4A0082D491 /* Info.plist */,
			);
			path = test;
			sourceTree = "<group>";
		};
/* End PBXGroup section */

/* Begin PBXNativeTarget section */
		C8E71CAE242C8D470082D491 /* test */ = {
			isa = PBXNativeTarget;
			buildConfigurationList = C8E71CC3242C8D4A0082D491 /* Build configuration list for PBXNativeTarget "test" */;
			buildPhases = (
				FD2CDAF9F8B20881AA46DF39 /* [CP] Check Pods Manifest.lock */,
				C8E71CAB242C8D470082D491 /* Sources */,
				C8E71CAC242C8D470082D491 /* Frameworks */,
				C8E71CAD242C8D470082D491 /* Resources */,
				224C74F1F1F9862A2AF0753B /* [CP] Embed Pods Frameworks */,
			);
			buildRules = (
			);
			dependencies = (
			);
			name = test;
			productName = test;
			productReference = C8E71CAF242C8D470082D491 /* test.app */;
			productType = "com.apple.product-type.application";
		};
/* End PBXNativeTarget section */

/* Begin PBXProject section */
		C8E71CA7242C8D470082D491 /* Project object */ = {
			isa = PBXProject;
			attributes = {
				LastSwiftUpdateCheck = 1130;
				LastUpgradeCheck = 1130;
				ORGANIZATIONNAME = ahmedpro;
				TargetAttributes = {
					C8E71CAE242C8D470082D491 = {
						CreatedOnToolsVersion = 11.3;
					};
				};
			};
			buildConfigurationList = C8E71CAA242C8D470082D491 /* Build configuration list for PBXProject "test" */;
			compatibilityVersion = "Xcode 9.3";
			developmentRegion = en;
			hasScannedForEncodings = 0;
			knownRegions = (
				en,
				Base,
			);
			mainGroup = C8E71CA6242C8D470082D491;
			productRefGroup = C8E71CB0242C8D470082D491 /* Products */;
			projectDirPath = "";
			projectRoot = "";
			targets = (
				C8E71CAE242C8D470082D491 /* test */,
			);
		};
/* End PBXProject section */

/* Begin PBXResourcesBuildPhase section */
		C8E71CAD242C8D470082D491 /* Resources */ = {
			isa = PBXResourcesBuildPhase;
			buildActionMask = 2147483647;
			files = (
				C8E71CBF242C8D4A0082D491 /* LaunchScreen.storyboard in Resources */,
				C8E71CBC242C8D4A0082D491 /* Assets.xcassets in Resources */,
				C8E71CBA242C8D470082D491 /* Main.storyboard in Resources */,
			);
			runOnlyForDeploymentPostprocessing = 0;
		};
/* End PBXResourcesBuildPhase section */

/* Begin PBXShellScriptBuildPhase section */
		224C74F1F1F9862A2AF0753B /* [CP] Embed Pods Frameworks */ = {
			isa = PBXShellScriptBuildPhase;
			buildActionMask = 2147483647;
			files = (
			);
			inputFileListPaths = (
				"${PODS_ROOT}/Target Support Files/Pods-test/Pods-test-frameworks-${CONFIGURATION}-input-files.xcfilelist",
			);
			name = "[CP] Embed Pods Frameworks";
			outputFileListPaths = (
				"${PODS_ROOT}/Target Support Files/Pods-test/Pods-test-frameworks-${CONFIGURATION}-output-files.xcfilelist",
			);
			runOnlyForDeploymentPostprocessing = 0;
			shellPath = /bin/sh;
			shellScript = "\"${PODS_ROOT}/Target Support Files/Pods-test/Pods-test-frameworks.sh\"\n";
			showEnvVarsInLog = 0;
		};
		FD2CDAF9F8B20881AA46DF39 /* [CP] Check Pods Manifest.lock */ = {
			isa = PBXShellScriptBuildPhase;
			buildActionMask = 2147483647;
			files = (
			);
			inputFileListPaths = (
			);
			inputPaths = (
				"${PODS_PODFILE_DIR_PATH}/Podfile.lock",
				"${PODS_ROOT}/Manifest.lock",
			);
			name = "[CP] Check Pods Manifest.lock";
			outputFileListPaths = (
			);
			outputPaths = (
				"$(DERIVED_FILE_DIR)/Pods-test-checkManifestLockResult.txt",
			);
			runOnlyForDeploymentPostprocessing = 0;
			shellPath = /bin/sh;
			shellScript = "diff \"${PODS_PODFILE_DIR_PATH}/Podfile.lock\" \"${PODS_ROOT}/Manifest.lock\" > /dev/null\nif [ $? != 0 ] ; then\n    # print error to STDERR\n    echo \"error: The sandbox is not in sync with the Podfile.lock. Run 'pod install' or update your CocoaPods installation.\" >&2\n    exit 1\nfi\n# This output is used by Xcode 'outputs' to avoid re-running this script phase.\necho \"SUCCESS\" > \"${SCRIPT_OUTPUT_FILE_0}\"\n";
			showEnvVarsInLog = 0;
		};
/* End PBXShellScriptBuildPhase section */

/* Begin PBXSourcesBuildPhase section */
		C8E71CAB242C8D470082D491 /* Sources */ = {
			isa = PBXSourcesBuildPhase;
			buildActionMask = 2147483647;
			files = (
				C8A8E8BC243D59AF00FDF4ED /* TableViewCell.swift in Sources */,
				C8E71CB7242C8D470082D491 /* ViewController.swift in Sources */,
				C8A8E8BE243D5B4F00FDF4ED /* Movie.swift in Sources */,
				C8E71CB3242C8D470082D491 /* AppDelegate.swift in Sources */,
				C8E71CB5242C8D470082D491 /* SceneDelegate.swift in Sources */,
				C8A8E8BA243D592600FDF4ED /* DetailsViewController.swift in Sources */,
			);
			runOnlyForDeploymentPostprocessing = 0;
		};
/* End PBXSourcesBuildPhase section */

/* Begin PBXVariantGroup section */
		C8E71CB8242C8D470082D491 /* Main.storyboard */ = {
			isa = PBXVariantGroup;
			children = (
				C8E71CB9242C8D470082D491 /* Base */,
			);
			name = Main.storyboard;
			sourceTree = "<group>";
		};
		C8E71CBD242C8D4A0082D491 /* LaunchScreen.storyboard */ = {
			isa = PBXVariantGroup;
			children = (
				C8E71CBE242C8D4A0082D491 /* Base */,
			);
			name = LaunchScreen.storyboard;
			sourceTree = "<group>";
		};
/* End PBXVariantGroup section */

/* Begin XCBuildConfiguration section */
		C8E71CC1242C8D4A0082D491 /* Debug */ = {
			isa = XCBuildConfiguration;
			buildSettings = {
				ALWAYS_SEARCH_USER_PATHS = NO;
				CLANG_ANALYZER_NONNULL = YES;
				CLANG_ANALYZER_NUMBER_OBJECT_CONVERSION = YES_AGGRESSIVE;
				CLANG_CXX_LANGUAGE_STANDARD = "gnu++14";
				CLANG_CXX_LIBRARY = "libc++";
				CLANG_ENABLE_MODULES = YES;
				CLANG_ENABLE_OBJC_ARC = YES;
				CLANG_ENABLE_OBJC_WEAK = YES;
				CLANG_WARN_BLOCK_CAPTURE_AUTORELEASING = YES;
				CLANG_WARN_BOOL_CONVERSION = YES;
				CLANG_WARN_COMMA = YES;
				CLANG_WARN_CONSTANT_CONVERSION = YES;
				CLANG_WARN_DEPRECATED_OBJC_IMPLEMENTATIONS = YES;
				CLANG_WARN_DIRECT_OBJC_ISA_USAGE = YES_ERROR;
				CLANG_WARN_DOCUMENTATION_COMMENTS = YES;
				CLANG_WARN_EMPTY_BODY = YES;
				CLANG_WARN_ENUM_CONVERSION = YES;
				CLANG_WARN_INFINITE_RECURSION = YES;
				CLANG_WARN_INT_CONVERSION = YES;
				CLANG_WARN_NON_LITERAL_NULL_CONVERSION = YES;
				CLANG_WARN_OBJC_IMPLICIT_RETAIN_SELF = YES;
				CLANG_WARN_OBJC_LITERAL_CONVERSION = YES;
				CLANG_WARN_OBJC_ROOT_CLASS = YES_ERROR;
				CLANG_WARN_RANGE_LOOP_ANALYSIS = YES;
				CLANG_WARN_STRICT_PROTOTYPES = YES;
				CLANG_WARN_SUSPICIOUS_MOVE = YES;
				CLANG_WARN_UNGUARDED_AVAILABILITY = YES_AGGRESSIVE;
				CLANG_WARN_UNREACHABLE_CODE = YES;
				CLANG_WARN__DUPLICATE_METHOD_MATCH = YES;
				COPY_PHASE_STRIP = NO;
				DEBUG_INFORMATION_FORMAT = dwarf;
				ENABLE_STRICT_OBJC_MSGSEND = YES;
				ENABLE_TESTABILITY = YES;
				GCC_C_LANGUAGE_STANDARD = gnu11;
				GCC_DYNAMIC_NO_PIC = NO;
				GCC_NO_COMMON_BLOCKS = YES;
				GCC_OPTIMIZATION_LEVEL = 0;
				GCC_PREPROCESSOR_DEFINITIONS = (
					"DEBUG=1",
					"$(inherited)",
				);
				GCC_WARN_64_TO_32_BIT_CONVERSION = YES;
				GCC_WARN_ABOUT_RETURN_TYPE = YES_ERROR;
				GCC_WARN_UNDECLARED_SELECTOR = YES;
				GCC_WARN_UNINITIALIZED_AUTOS = YES_AGGRESSIVE;
				GCC_WARN_UNUSED_FUNCTION = YES;
				GCC_WARN_UNUSED_VARIABLE = YES;
				IPHONEOS_DEPLOYMENT_TARGET = 13.2;
				MTL_ENABLE_DEBUG_INFO = INCLUDE_SOURCE;
				MTL_FAST_MATH = YES;
				ONLY_ACTIVE_ARCH = YES;
				SDKROOT = iphoneos;
				SWIFT_ACTIVE_COMPILATION_CONDITIONS = DEBUG;
				SWIFT_OPTIMIZATION_LEVEL = "-Onone";
			};
			name = Debug;
		};
		C8E71CC2242C8D4A0082D491 /* Release */ = {
			isa = XCBuildConfiguration;
			buildSettings = {
				ALWAYS_SEARCH_USER_PATHS = NO;
				CLANG_ANALYZER_NONNULL = YES;
				CLANG_ANALYZER_NUMBER_OBJECT_CONVERSION = YES_AGGRESSIVE;
				CLANG_CXX_LANGUAGE_STANDARD = "gnu++14";
				CLANG_CXX_LIBRARY = "libc++";
				CLANG_ENABLE_MODULES = YES;
				CLANG_ENABLE_OBJC_ARC = YES;
				CLANG_ENABLE_OBJC_WEAK = YES;
				CLANG_WARN_BLOCK_CAPTURE_AUTORELEASING = YES;
				CLANG_WARN_BOOL_CONVERSION = YES;
				CLANG_WARN_COMMA = YES;
				CLANG_WARN_CONSTANT_CONVERSION = YES;
				CLANG_WARN_DEPRECATED_OBJC_IMPLEMENTATIONS = YES;
				CLANG_WARN_DIRECT_OBJC_ISA_USAGE = YES_ERROR;
				CLANG_WARN_DOCUMENTATION_COMMENTS = YES;
				CLANG_WARN_EMPTY_BODY = YES;
				CLANG_WARN_ENUM_CONVERSION = YES;
				CLANG_WARN_INFINITE_RECURSION = YES;
				CLANG_WARN_INT_CONVERSION = YES;
				CLANG_WARN_NON_LITERAL_NULL_CONVERSION = YES;
				CLANG_WARN_OBJC_IMPLICIT_RETAIN_SELF = YES;
				CLANG_WARN_OBJC_LITERAL_CONVERSION = YES;
				CLANG_WARN_OBJC_ROOT_CLASS = YES_ERROR;
				CLANG_WARN_RANGE_LOOP_ANALYSIS = YES;
				CLANG_WARN_STRICT_PROTOTYPES = YES;
				CLANG_WARN_SUSPICIOUS_MOVE = YES;
				CLANG_WARN_UNGUARDED_AVAILABILITY = YES_AGGRESSIVE;
				CLANG_WARN_UNREACHABLE_CODE = YES;
				CLANG_WARN__DUPLICATE_METHOD_MATCH = YES;
				COPY_PHASE_STRIP = NO;
				DEBUG_INFORMATION_FORMAT = "dwarf-with-dsym";
				ENABLE_NS_ASSERTIONS = NO;
				ENABLE_STRICT_OBJC_MSGSEND = YES;
				GCC_C_LANGUAGE_STANDARD = gnu11;
				GCC_NO_COMMON_BLOCKS = YES;
				GCC_WARN_64_TO_32_BIT_CONVERSION = YES;
				GCC_WARN_ABOUT_RETURN_TYPE = YES_ERROR;
				GCC_WARN_UNDECLARED_SELECTOR = YES;
				GCC_WARN_UNINITIALIZED_AUTOS = YES_AGGRESSIVE;
				GCC_WARN_UNUSED_FUNCTION = YES;
				GCC_WARN_UNUSED_VARIABLE = YES;
				IPHONEOS_DEPLOYMENT_TARGET = 13.2;
				MTL_ENABLE_DEBUG_INFO = NO;
				MTL_FAST_MATH = YES;
				SDKROOT = iphoneos;
				SWIFT_COMPILATION_MODE = wholemodule;
				SWIFT_OPTIMIZATION_LEVEL = "-O";
				VALIDATE_PRODUCT = YES;
			};
			name = Release;
		};
		C8E71CC4242C8D4A0082D491 /* Debug */ = {
			isa = XCBuildConfiguration;
			baseConfigurationReference = 6DF860EDE1A53562AFBEF6F4 /* Pods-test.debug.xcconfig */;
			buildSettings = {
				ASSETCATALOG_COMPILER_APPICON_NAME = AppIcon;
				CODE_SIGN_STYLE = Automatic;
				INFOPLIST_FILE = test/Info.plist;
				LD_RUNPATH_SEARCH_PATHS = (
					"$(inherited)",
					"@executable_path/Frameworks",
				);
				PRODUCT_BUNDLE_IDENTIFIER = com.example.test;
				PRODUCT_NAME = "$(TARGET_NAME)";
				SWIFT_VERSION = 5.0;
				TARGETED_DEVICE_FAMILY = "1,2";
			};
			name = Debug;
		};
		C8E71CC5242C8D4A0082D491 /* Release */ = {
			isa = XCBuildConfiguration;
			baseConfigurationReference = 566F212043F470FA31251B68 /* Pods-test.release.xcconfig */;
			buildSettings = {
				ASSETCATALOG_COMPILER_APPICON_NAME = AppIcon;
				CODE_SIGN_STYLE = Automatic;
				INFOPLIST_FILE = test/Info.plist;
				LD_RUNPATH_SEARCH_PATHS = (
					"$(inherited)",
					"@executable_path/Frameworks",
				);
				PRODUCT_BUNDLE_IDENTIFIER = com.example.test;
				PRODUCT_NAME = "$(TARGET_NAME)";
				SWIFT_VERSION = 5.0;
				TARGETED_DEVICE_FAMILY = "1,2";
			};
			name = Release;
		};
/* End XCBuildConfiguration section */

/* Begin XCConfigurationList section */
		C8E71CAA242C8D470082D491 /* Build configuration list for PBXProject "test" */ = {
			isa = XCConfigurationList;
			buildConfigurations = (
				C8E71CC1242C8D4A0082D491 /* Debug */,
				C8E71CC2242C8D4A0082D491 /* Release */,
			);
			defaultConfigurationIsVisible = 0;
			defaultConfigurationName = Release;
		};
		C8E71CC3242C8D4A0082D491 /* Build configuration list for PBXNativeTarget "test" */ = {
			isa = XCConfigurationList;
			buildConfigurations = (
				C8E71CC4242C8D4A0082D491 /* Debug */,
				C8E71CC5242C8D4A0082D491 /* Release */,
			);
			defaultConfigurationIsVisible = 0;
			defaultConfigurationName = Release;
		};
/* End XCConfigurationList section */
	};
	rootObject = C8E71CA7242C8D470082D491 /* Project object */;
}
